PODS:
  - BugsnagPerformance (1.14.0)
  - common (58)

DEPENDENCIES:
  - BugsnagPerformance
  - common (from `../common`)

SPEC REPOS:
  trunk:
    - BugsnagPerformance

EXTERNAL SOURCES:
  common:
    :path: "../common"

SPEC CHECKSUMS:
  BugsnagPerformance: 1ce529b5ade51e2048019850fd0f8da5bcb8ee39
  common: 0d8399c8108dfdd1e48867e3c0f02955fed7e75d

PODFILE CHECKSUM: 4920348368ba17ef8849764f6aaf014e551ab4f8

COCOAPODS: 1.17.0
